
Microsoft Visual Studio Solution File, Format Version 12.00
# Visual Studio Version 17
VisualStudioVersion = 17.11.35208.52
MinimumVisualStudioVersion = 10.0.40219.1
Project("{FAE04EC0-301F-11D3-BF4B-00C04F79EFBC}") = "FootballDatabase510", "FootballDatabase510\FootballDatabase510.csproj", "{24EE66BC-0A48-424B-9AA2-9BAE166C909A}"
EndProject
Global
	GlobalSection(SolutionConfigurationPlatforms) = preSolution
		Debug|Any CPU = Debug|Any CPU
		Release|Any CPU = Release|Any CPU
	EndGlobalSection
	GlobalSection(ProjectConfigurationPlatforms) = postSolution
		{24EE66BC-0A48-424B-9AA2-9BAE166C909A}.Debug|Any CPU.ActiveCfg = Debug|Any CPU
		{24EE66BC-0A48-424B-9AA2-9BAE166C909A}.Debug|Any CPU.Build.0 = Debug|Any CPU
		{24EE66BC-0A48-424B-9AA2-9BAE166C909A}.Release|Any CPU.ActiveCfg = Release|Any CPU
		{24EE66BC-0A48-424B-9AA2-9BAE166C909A}.Release|Any CPU.Build.0 = Release|Any CPU
	EndGlobalSection
	GlobalSection(SolutionProperties) = preSolution
		HideSolutionNode = FALSE
	EndGlobalSection
	GlobalSection(ExtensibilityGlobals) = postSolution
		SolutionGuid = {97D10BA7-709D-44D6-9BE0-8A7E0AE8406E}
	EndGlobalSection
EndGlobal
